
Microsoft Visual Studio Solution File, Format Version 12.00
# Visual Studio 15
VisualStudioVersion = 15.0.28307.271
MinimumVisualStudioVersion = 10.0.40219.1
Project("{FAE04EC0-301F-11D3-BF4B-00C04F79EFBC}") = "App2.Android", "App2\App2.Android\App2.Android.csproj", "{F0B1BEA0-3DF4-4745-BA8B-2E1EEDA30026}"
EndProject
Project("{FAE04EC0-301F-11D3-BF4B-00C04F79EFBC}") = "App2.iOS", "App2\App2.iOS\App2.iOS.csproj", "{F4F729FA-09C2-4F1A-AD2E-14BAE44A4644}"
EndProject
Project("{FAE04EC0-301F-11D3-BF4B-00C04F79EFBC}") = "App2", "App2\App2\App2.csproj", "{2672A23B-4A1E-4426-900A-97F2A2641889}"
EndProject
Global
	GlobalSection(SolutionConfigurationPlatforms) = preSolution
		Ad-Hoc|Any CPU = Ad-Hoc|Any CPU
		Ad-Hoc|iPhone = Ad-Hoc|iPhone
		Ad-Hoc|iPhoneSimulator = Ad-Hoc|iPhoneSimulator
		AppStore|Any CPU = AppStore|Any CPU
		AppStore|iPhone = AppStore|iPhone
		AppStore|iPhoneSimulator = AppStore|iPhoneSimulator
		Debug|Any CPU = Debug|Any CPU
		Debug|iPhone = Debug|iPhone
		Debug|iPhoneSimulator = Debug|iPhoneSimulator
		Release|Any CPU = Release|Any CPU
		Release|iPhone = Release|iPhone
		Release|iPhoneSimulator = Release|iPhoneSimulator
	EndGlobalSection
	GlobalSection(ProjectConfigurationPlatforms) = postSolution
		{F0B1BEA0-3DF4-4745-BA8B-2E1EEDA30026}.Ad-Hoc|Any CPU.ActiveCfg = Release|Any CPU
		{F0B1BEA0-3DF4-4745-BA8B-2E1EEDA30026}.Ad-Hoc|Any CPU.Build.0 = Release|Any CPU
		{F0B1BEA0-3DF4-4745-BA8B-2E1EEDA30026}.Ad-Hoc|Any CPU.Deploy.0 = Release|Any CPU
		{F0B1BEA0-3DF4-4745-BA8B-2E1EEDA30026}.Ad-Hoc|iPhone.ActiveCfg = Release|Any CPU
		{F0B1BEA0-3DF4-4745-BA8B-2E1EEDA30026}.Ad-Hoc|iPhone.Build.0 = Release|Any CPU
		{F0B1BEA0-3DF4-4745-BA8B-2E1EEDA30026}.Ad-Hoc|iPhone.Deploy.0 = Release|Any CPU
		{F0B1BEA0-3DF4-4745-BA8B-2E1EEDA30026}.Ad-Hoc|iPhoneSimulator.ActiveCfg = Release|Any CPU
		{F0B1BEA0-3DF4-4745-BA8B-2E1EEDA30026}.Ad-Hoc|iPhoneSimulator.Build.0 = Release|Any CPU
		{F0B1BEA0-3DF4-4745-BA8B-2E1EEDA30026}.Ad-Hoc|iPhoneSimulator.Deploy.0 = Release|Any CPU
		{F0B1BEA0-3DF4-4745-BA8B-2E1EEDA30026}.AppStore|Any CPU.ActiveCfg = Release|Any CPU
		{F0B1BEA0-3DF4-4745-BA8B-2E1EEDA30026}.AppStore|Any CPU.Build.0 = Release|Any CPU
		{F0B1BEA0-3DF4-4745-BA8B-2E1EEDA30026}.AppStore|Any CPU.Deploy.0 = Release|Any CPU
		{F0B1BEA0-3DF4-4745-BA8B-2E1EEDA30026}.AppStore|iPhone.ActiveCfg = Release|Any CPU
		{F0B1BEA0-3DF4-4745-BA8B-2E1EEDA30026}.AppStore|iPhone.Build.0 = Release|Any CPU
		{F0B1BEA0-3DF4-4745-BA8B-2E1EEDA30026}.AppStore|iPhone.Deploy.0 = Release|Any CPU
		{F0B1BEA0-3DF4-4745-BA8B-2E1EEDA30026}.AppStore|iPhoneSimulator.ActiveCfg = Release|Any CPU
		{F0B1BEA0-3DF4-4745-BA8B-2E1EEDA30026}.AppStore|iPhoneSimulator.Build.0 = Release|Any CPU
		{F0B1BEA0-3DF4-4745-BA8B-2E1EEDA30026}.AppStore|iPhoneSimulator.Deploy.0 = Release|Any CPU
		{F0B1BEA0-3DF4-4745-BA8B-2E1EEDA30026}.Debug|Any CPU.ActiveCfg = Debug|Any CPU
		{F0B1BEA0-3DF4-4745-BA8B-2E1EEDA30026}.Debug|Any CPU.Build.0 = Debug|Any CPU
		{F0B1BEA0-3DF4-4745-BA8B-2E1EEDA30026}.Debug|Any CPU.Deploy.0 = Debug|Any CPU
		{F0B1BEA0-3DF4-4745-BA8B-2E1EEDA30026}.Debug|iPhone.ActiveCfg = Debug|Any CPU
		{F0B1BEA0-3DF4-4745-BA8B-2E1EEDA30026}.Debug|iPhone.Build.0 = Debug|Any CPU
		{F0B1BEA0-3DF4-4745-BA8B-2E1EEDA30026}.Debug|iPhone.Deploy.0 = Debug|Any CPU
		{F0B1BEA0-3DF4-4745-BA8B-2E1EEDA30026}.Debug|iPhoneSimulator.ActiveCfg = Debug|Any CPU
		{F0B1BEA0-3DF4-4745-BA8B-2E1EEDA30026}.Debug|iPhoneSimulator.Build.0 = Debug|Any CPU
		{F0B1BEA0-3DF4-4745-BA8B-2E1EEDA30026}.Debug|iPhoneSimulator.Deploy.0 = Debug|Any CPU
		{F0B1BEA0-3DF4-4745-BA8B-2E1EEDA30026}.Release|Any CPU.ActiveCfg = Release|Any CPU
		{F0B1BEA0-3DF4-4745-BA8B-2E1EEDA30026}.Release|Any CPU.Build.0 = Release|Any CPU
		{F0B1BEA0-3DF4-4745-BA8B-2E1EEDA30026}.Release|Any CPU.Deploy.0 = Release|Any CPU
		{F0B1BEA0-3DF4-4745-BA8B-2E1EEDA30026}.Release|iPhone.ActiveCfg = Release|Any CPU
		{F0B1BEA0-3DF4-4745-BA8B-2E1EEDA30026}.Release|iPhone.Build.0 = Release|Any CPU
		{F0B1BEA0-3DF4-4745-BA8B-2E1EEDA30026}.Release|iPhone.Deploy.0 = Release|Any CPU
		{F0B1BEA0-3DF4-4745-BA8B-2E1EEDA30026}.Release|iPhoneSimulator.ActiveCfg = Release|Any CPU
		{F0B1BEA0-3DF4-4745-BA8B-2E1EEDA30026}.Release|iPhoneSimulator.Build.0 = Release|Any CPU
		{F0B1BEA0-3DF4-4745-BA8B-2E1EEDA30026}.Release|iPhoneSimulator.Deploy.0 = Release|Any CPU
		{F4F729FA-09C2-4F1A-AD2E-14BAE44A4644}.Ad-Hoc|Any CPU.ActiveCfg = Ad-Hoc|iPhone
		{F4F729FA-09C2-4F1A-AD2E-14BAE44A4644}.Ad-Hoc|Any CPU.Build.0 = Ad-Hoc|iPhone
		{F4F729FA-09C2-4F1A-AD2E-14BAE44A4644}.Ad-Hoc|Any CPU.Deploy.0 = Ad-Hoc|iPhone
		{F4F729FA-09C2-4F1A-AD2E-14BAE44A4644}.Ad-Hoc|iPhone.ActiveCfg = Ad-Hoc|iPhone
		{F4F729FA-09C2-4F1A-AD2E-14BAE44A4644}.Ad-Hoc|iPhone.Build.0 = Ad-Hoc|iPhone
		{F4F729FA-09C2-4F1A-AD2E-14BAE44A4644}.Ad-Hoc|iPhone.Deploy.0 = Ad-Hoc|iPhone
		{F4F729FA-09C2-4F1A-AD2E-14BAE44A4644}.Ad-Hoc|iPhoneSimulator.ActiveCfg = Ad-Hoc|iPhoneSimulator
		{F4F729FA-09C2-4F1A-AD2E-14BAE44A4644}.Ad-Hoc|iPhoneSimulator.Build.0 = Ad-Hoc|iPhoneSimulator
		{F4F729FA-09C2-4F1A-AD2E-14BAE44A4644}.Ad-Hoc|iPhoneSimulator.Deploy.0 = Ad-Hoc|iPhoneSimulator
		{F4F729FA-09C2-4F1A-AD2E-14BAE44A4644}.AppStore|Any CPU.ActiveCfg = AppStore|iPhone
		{F4F729FA-09C2-4F1A-AD2E-14BAE44A4644}.AppStore|Any CPU.Build.0 = AppStore|iPhone
		{F4F729FA-09C2-4F1A-AD2E-14BAE44A4644}.AppStore|Any CPU.Deploy.0 = AppStore|iPhone
		{F4F729FA-09C2-4F1A-AD2E-14BAE44A4644}.AppStore|iPhone.ActiveCfg = AppStore|iPhone
		{F4F729FA-09C2-4F1A-AD2E-14BAE44A4644}.AppStore|iPhone.Build.0 = AppStore|iPhone
		{F4F729FA-09C2-4F1A-AD2E-14BAE44A4644}.AppStore|iPhone.Deploy.0 = AppStore|iPhone
		{F4F729FA-09C2-4F1A-AD2E-14BAE44A4644}.AppStore|iPhoneSimulator.ActiveCfg = AppStore|iPhoneSimulator
		{F4F729FA-09C2-4F1A-AD2E-14BAE44A4644}.AppStore|iPhoneSimulator.Build.0 = AppStore|iPhoneSimulator
		{F4F729FA-09C2-4F1A-AD2E-14BAE44A4644}.AppStore|iPhoneSimulator.Deploy.0 = AppStore|iPhoneSimulator
		{F4F729FA-09C2-4F1A-AD2E-14BAE44A4644}.Debug|Any CPU.ActiveCfg = Debug|iPhoneSimulator
		{F4F729FA-09C2-4F1A-AD2E-14BAE44A4644}.Debug|Any CPU.Build.0 = Debug|iPhoneSimulator
		{F4F729FA-09C2-4F1A-AD2E-14BAE44A4644}.Debug|Any CPU.Deploy.0 = Debug|iPhoneSimulator
		{F4F729FA-09C2-4F1A-AD2E-14BAE44A4644}.Debug|iPhone.ActiveCfg = Debug|iPhone
		{F4F729FA-09C2-4F1A-AD2E-14BAE44A4644}.Debug|iPhone.Build.0 = Debug|iPhone
		{F4F729FA-09C2-4F1A-AD2E-14BAE44A4644}.Debug|iPhone.Deploy.0 = Debug|iPhone
		{F4F729FA-09C2-4F1A-AD2E-14BAE44A4644}.Debug|iPhoneSimulator.ActiveCfg = Debug|iPhoneSimulator
		{F4F729FA-09C2-4F1A-AD2E-14BAE44A4644}.Debug|iPhoneSimulator.Build.0 = Debug|iPhoneSimulator
		{F4F729FA-09C2-4F1A-AD2E-14BAE44A4644}.Debug|iPhoneSimulator.Deploy.0 = Debug|iPhoneSimulator
		{F4F729FA-09C2-4F1A-AD2E-14BAE44A4644}.Release|Any CPU.ActiveCfg = Release|iPhone
		{F4F729FA-09C2-4F1A-AD2E-14BAE44A4644}.Release|Any CPU.Build.0 = Release|iPhone
		{F4F729FA-09C2-4F1A-AD2E-14BAE44A4644}.Release|Any CPU.Deploy.0 = Release|iPhone
		{F4F729FA-09C2-4F1A-AD2E-14BAE44A4644}.Release|iPhone.ActiveCfg = Release|iPhone
		{F4F729FA-09C2-4F1A-AD2E-14BAE44A4644}.Release|iPhone.Build.0 = Release|iPhone
		{F4F729FA-09C2-4F1A-AD2E-14BAE44A4644}.Release|iPhone.Deploy.0 = Release|iPhone
		{F4F729FA-09C2-4F1A-AD2E-14BAE44A4644}.Release|iPhoneSimulator.ActiveCfg = Release|iPhoneSimulator
		{F4F729FA-09C2-4F1A-AD2E-14BAE44A4644}.Release|iPhoneSimulator.Build.0 = Release|iPhoneSimulator
		{F4F729FA-09C2-4F1A-AD2E-14BAE44A4644}.Release|iPhoneSimulator.Deploy.0 = Release|iPhoneSimulator
		{2672A23B-4A1E-4426-900A-97F2A2641889}.Ad-Hoc|Any CPU.ActiveCfg = Debug|Any CPU
		{2672A23B-4A1E-4426-900A-97F2A2641889}.Ad-Hoc|Any CPU.Build.0 = Debug|Any CPU
		{2672A23B-4A1E-4426-900A-97F2A2641889}.Ad-Hoc|Any CPU.Deploy.0 = Debug|Any CPU
		{2672A23B-4A1E-4426-900A-97F2A2641889}.Ad-Hoc|iPhone.ActiveCfg = Debug|Any CPU
		{2672A23B-4A1E-4426-900A-97F2A2641889}.Ad-Hoc|iPhone.Build.0 = Debug|Any CPU
		{2672A23B-4A1E-4426-900A-97F2A2641889}.Ad-Hoc|iPhone.Deploy.0 = Debug|Any CPU
		{2672A23B-4A1E-4426-900A-97F2A2641889}.Ad-Hoc|iPhoneSimulator.ActiveCfg = Debug|Any CPU
		{2672A23B-4A1E-4426-900A-97F2A2641889}.Ad-Hoc|iPhoneSimulator.Build.0 = Debug|Any CPU
		{2672A23B-4A1E-4426-900A-97F2A2641889}.Ad-Hoc|iPhoneSimulator.Deploy.0 = Debug|Any CPU
		{2672A23B-4A1E-4426-900A-97F2A2641889}.AppStore|Any CPU.ActiveCfg = Debug|Any CPU
		{2672A23B-4A1E-4426-900A-97F2A2641889}.AppStore|Any CPU.Build.0 = Debug|Any CPU
		{2672A23B-4A1E-4426-900A-97F2A2641889}.AppStore|Any CPU.Deploy.0 = Debug|Any CPU
		{2672A23B-4A1E-4426-900A-97F2A2641889}.AppStore|iPhone.ActiveCfg = Debug|Any CPU
		{2672A23B-4A1E-4426-900A-97F2A2641889}.AppStore|iPhone.Build.0 = Debug|Any CPU
		{2672A23B-4A1E-4426-900A-97F2A2641889}.AppStore|iPhone.Deploy.0 = Debug|Any CPU
		{2672A23B-4A1E-4426-900A-97F2A2641889}.AppStore|iPhoneSimulator.ActiveCfg = Debug|Any CPU
		{2672A23B-4A1E-4426-900A-97F2A2641889}.AppStore|iPhoneSimulator.Build.0 = Debug|Any CPU
		{2672A23B-4A1E-4426-900A-97F2A2641889}.AppStore|iPhoneSimulator.Deploy.0 = Debug|Any CPU
		{2672A23B-4A1E-4426-900A-97F2A2641889}.Debug|Any CPU.ActiveCfg = Debug|Any CPU
		{2672A23B-4A1E-4426-900A-97F2A2641889}.Debug|Any CPU.Build.0 = Debug|Any CPU
		{2672A23B-4A1E-4426-900A-97F2A2641889}.Debug|Any CPU.Deploy.0 = Debug|Any CPU
		{2672A23B-4A1E-4426-900A-97F2A2641889}.Debug|iPhone.ActiveCfg = Debug|Any CPU
		{2672A23B-4A1E-4426-900A-97F2A2641889}.Debug|iPhone.Build.0 = Debug|Any CPU
		{2672A23B-4A1E-4426-900A-97F2A2641889}.Debug|iPhone.Deploy.0 = Debug|Any CPU
		{2672A23B-4A1E-4426-900A-97F2A2641889}.Debug|iPhoneSimulator.ActiveCfg = Debug|Any CPU
		{2672A23B-4A1E-4426-900A-97F2A2641889}.Debug|iPhoneSimulator.Build.0 = Debug|Any CPU
		{2672A23B-4A1E-4426-900A-97F2A2641889}.Debug|iPhoneSimulator.Deploy.0 = Debug|Any CPU
		{2672A23B-4A1E-4426-900A-97F2A2641889}.Release|Any CPU.ActiveCfg = Release|Any CPU
		{2672A23B-4A1E-4426-900A-97F2A2641889}.Release|Any CPU.Build.0 = Release|Any CPU
		{2672A23B-4A1E-4426-900A-97F2A2641889}.Release|Any CPU.Deploy.0 = Release|Any CPU
		{2672A23B-4A1E-4426-900A-97F2A2641889}.Release|iPhone.ActiveCfg = Release|Any CPU
		{2672A23B-4A1E-4426-900A-97F2A2641889}.Release|iPhone.Build.0 = Release|Any CPU
		{2672A23B-4A1E-4426-900A-97F2A2641889}.Release|iPhone.Deploy.0 = Release|Any CPU
		{2672A23B-4A1E-4426-900A-97F2A2641889}.Release|iPhoneSimulator.ActiveCfg = Release|Any CPU
		{2672A23B-4A1E-4426-900A-97F2A2641889}.Release|iPhoneSimulator.Build.0 = Release|Any CPU
		{2672A23B-4A1E-4426-900A-97F2A2641889}.Release|iPhoneSimulator.Deploy.0 = Release|Any CPU
	EndGlobalSection
	GlobalSection(SolutionProperties) = preSolution
		HideSolutionNode = FALSE
	EndGlobalSection
	GlobalSection(ExtensibilityGlobals) = postSolution
		SolutionGuid = {935AE25E-E9FA-4100-988D-E835001F3191}
	EndGlobalSection
EndGlobal
